
Microsoft Visual Studio Solution File, Format Version 12.00
# Visual Studio 14
VisualStudioVersion = 14.0.24720.0
MinimumVisualStudioVersion = 10.0.40219.1
Project("{FAE04EC0-301F-11D3-BF4B-00C04F79EFBC}") = "SayHello", "SayHello\SayHello.csproj", "{5B1111A6-51A2-4331-A6BB-280DE3DB399C}"
EndProject
Project("{FAE04EC0-301F-11D3-BF4B-00C04F79EFBC}") = "GetLargestNumber", "GetLargestNumber\GetLargestNumber.csproj", "{82202636-4E94-49D2-9382-2B0BCB796C9A}"
EndProject
Project("{FAE04EC0-301F-11D3-BF4B-00C04F79EFBC}") = "EnglishDigit", "EnglishDigit\EnglishDigit.csproj", "{D37B405E-E39A-4519-8F56-39E01103D936}"
EndProject
Project("{FAE04EC0-301F-11D3-BF4B-00C04F79EFBC}") = "AppearanceCount", "AppearanceCount\AppearanceCount.csproj", "{9C066BD7-1B94-49C1-8725-9147057B6861}"
EndProject
Project("{FAE04EC0-301F-11D3-BF4B-00C04F79EFBC}") = "LargerThanNeighbours", "LargerThanNeighbours\LargerThanNeighbours.csproj", "{7921A6A9-F64F-45EA-BD7C-19B778AC1C46}"
EndProject
Project("{FAE04EC0-301F-11D3-BF4B-00C04F79EFBC}") = "FirstLargerThanNeighbours", "FirstLargerThanNeighbours\FirstLargerThanNeighbours.csproj", "{0FFBE259-86F8-462B-A9A6-5211ECA7A32B}"
EndProject
Project("{FAE04EC0-301F-11D3-BF4B-00C04F79EFBC}") = "ReverseNumber", "ReverseNumber\ReverseNumber.csproj", "{2026D94A-65D2-4640-B34B-A77FD9F6F54F}"
EndProject
Project("{FAE04EC0-301F-11D3-BF4B-00C04F79EFBC}") = "NumberAsArray", "NumberAsArray\NumberAsArray.csproj", "{AE9ED3D0-093B-4E82-97F3-6D95050CBD5A}"
EndProject
Project("{FAE04EC0-301F-11D3-BF4B-00C04F79EFBC}") = "SortingArray", "SortingArray\SortingArray.csproj", "{1C205300-B60A-4D05-9825-A3801690CF66}"
EndProject
Project("{FAE04EC0-301F-11D3-BF4B-00C04F79EFBC}") = "NFactorial", "NFactorial\NFactorial.csproj", "{27F7AF1E-98F4-452B-844C-58C5B3E1EB84}"
EndProject
Project("{FAE04EC0-301F-11D3-BF4B-00C04F79EFBC}") = "IntegerCalculations", "IntegerCalculations\IntegerCalculations.csproj", "{B482B59B-2A5A-4C4D-B382-514D090853DF}"
EndProject
Global
	GlobalSection(SolutionConfigurationPlatforms) = preSolution
		Debug|Any CPU = Debug|Any CPU
		Release|Any CPU = Release|Any CPU
	EndGlobalSection
	GlobalSection(ProjectConfigurationPlatforms) = postSolution
		{5B1111A6-51A2-4331-A6BB-280DE3DB399C}.Debug|Any CPU.ActiveCfg = Debug|Any CPU
		{5B1111A6-51A2-4331-A6BB-280DE3DB399C}.Debug|Any CPU.Build.0 = Debug|Any CPU
		{5B1111A6-51A2-4331-A6BB-280DE3DB399C}.Release|Any CPU.ActiveCfg = Release|Any CPU
		{5B1111A6-51A2-4331-A6BB-280DE3DB399C}.Release|Any CPU.Build.0 = Release|Any CPU
		{82202636-4E94-49D2-9382-2B0BCB796C9A}.Debug|Any CPU.ActiveCfg = Debug|Any CPU
		{82202636-4E94-49D2-9382-2B0BCB796C9A}.Debug|Any CPU.Build.0 = Debug|Any CPU
		{82202636-4E94-49D2-9382-2B0BCB796C9A}.Release|Any CPU.ActiveCfg = Release|Any CPU
		{82202636-4E94-49D2-9382-2B0BCB796C9A}.Release|Any CPU.Build.0 = Release|Any CPU
		{D37B405E-E39A-4519-8F56-39E01103D936}.Debug|Any CPU.ActiveCfg = Debug|Any CPU
		{D37B405E-E39A-4519-8F56-39E01103D936}.Debug|Any CPU.Build.0 = Debug|Any CPU
		{D37B405E-E39A-4519-8F56-39E01103D936}.Release|Any CPU.ActiveCfg = Release|Any CPU
		{D37B405E-E39A-4519-8F56-39E01103D936}.Release|Any CPU.Build.0 = Release|Any CPU
		{9C066BD7-1B94-49C1-8725-9147057B6861}.Debug|Any CPU.ActiveCfg = Debug|Any CPU
		{9C066BD7-1B94-49C1-8725-9147057B6861}.Debug|Any CPU.Build.0 = Debug|Any CPU
		{9C066BD7-1B94-49C1-8725-9147057B6861}.Release|Any CPU.ActiveCfg = Release|Any CPU
		{9C066BD7-1B94-49C1-8725-9147057B6861}.Release|Any CPU.Build.0 = Release|Any CPU
		{7921A6A9-F64F-45EA-BD7C-19B778AC1C46}.Debug|Any CPU.ActiveCfg = Debug|Any CPU
		{7921A6A9-F64F-45EA-BD7C-19B778AC1C46}.Debug|Any CPU.Build.0 = Debug|Any CPU
		{7921A6A9-F64F-45EA-BD7C-19B778AC1C46}.Release|Any CPU.ActiveCfg = Release|Any CPU
		{7921A6A9-F64F-45EA-BD7C-19B778AC1C46}.Release|Any CPU.Build.0 = Release|Any CPU
		{0FFBE259-86F8-462B-A9A6-5211ECA7A32B}.Debug|Any CPU.ActiveCfg = Debug|Any CPU
		{0FFBE259-86F8-462B-A9A6-5211ECA7A32B}.Debug|Any CPU.Build.0 = Debug|Any CPU
		{0FFBE259-86F8-462B-A9A6-5211ECA7A32B}.Release|Any CPU.ActiveCfg = Release|Any CPU
		{0FFBE259-86F8-462B-A9A6-5211ECA7A32B}.Release|Any CPU.Build.0 = Release|Any CPU
		{2026D94A-65D2-4640-B34B-A77FD9F6F54F}.Debug|Any CPU.ActiveCfg = Debug|Any CPU
		{2026D94A-65D2-4640-B34B-A77FD9F6F54F}.Debug|Any CPU.Build.0 = Debug|Any CPU
		{2026D94A-65D2-4640-B34B-A77FD9F6F54F}.Release|Any CPU.ActiveCfg = Release|Any CPU
		{2026D94A-65D2-4640-B34B-A77FD9F6F54F}.Release|Any CPU.Build.0 = Release|Any CPU
		{AE9ED3D0-093B-4E82-97F3-6D95050CBD5A}.Debug|Any CPU.ActiveCfg = Debug|Any CPU
		{AE9ED3D0-093B-4E82-97F3-6D95050CBD5A}.Debug|Any CPU.Build.0 = Debug|Any CPU
		{AE9ED3D0-093B-4E82-97F3-6D95050CBD5A}.Release|Any CPU.ActiveCfg = Release|Any CPU
		{AE9ED3D0-093B-4E82-97F3-6D95050CBD5A}.Release|Any CPU.Build.0 = Release|Any CPU
		{1C205300-B60A-4D05-9825-A3801690CF66}.Debug|Any CPU.ActiveCfg = Debug|Any CPU
		{1C205300-B60A-4D05-9825-A3801690CF66}.Debug|Any CPU.Build.0 = Debug|Any CPU
		{1C205300-B60A-4D05-9825-A3801690CF66}.Release|Any CPU.ActiveCfg = Release|Any CPU
		{1C205300-B60A-4D05-9825-A3801690CF66}.Release|Any CPU.Build.0 = Release|Any CPU
		{27F7AF1E-98F4-452B-844C-58C5B3E1EB84}.Debug|Any CPU.ActiveCfg = Debug|Any CPU
		{27F7AF1E-98F4-452B-844C-58C5B3E1EB84}.Debug|Any CPU.Build.0 = Debug|Any CPU
		{27F7AF1E-98F4-452B-844C-58C5B3E1EB84}.Release|Any CPU.ActiveCfg = Release|Any CPU
		{27F7AF1E-98F4-452B-844C-58C5B3E1EB84}.Release|Any CPU.Build.0 = Release|Any CPU
		{B482B59B-2A5A-4C4D-B382-514D090853DF}.Debug|Any CPU.ActiveCfg = Debug|Any CPU
		{B482B59B-2A5A-4C4D-B382-514D090853DF}.Debug|Any CPU.Build.0 = Debug|Any CPU
		{B482B59B-2A5A-4C4D-B382-514D090853DF}.Release|Any CPU.ActiveCfg = Release|Any CPU
		{B482B59B-2A5A-4C4D-B382-514D090853DF}.Release|Any CPU.Build.0 = Release|Any CPU
	EndGlobalSection
	GlobalSection(SolutionProperties) = preSolution
		HideSolutionNode = FALSE
	EndGlobalSection
EndGlobal
