
Microsoft Visual Studio Solution File, Format Version 12.00
# Visual Studio 14
VisualStudioVersion = 14.0.24720.0
MinimumVisualStudioVersion = 10.0.40219.1
Project("{FAE04EC0-301F-11D3-BF4B-00C04F79EFBC}") = "DecimalToBinary", "NumeralSystems\DecimalToBinary.csproj", "{7AC4957E-AD37-435D-9FB4-7DC8E69B3988}"
EndProject
Project("{FAE04EC0-301F-11D3-BF4B-00C04F79EFBC}") = "BinaryToDecimal", "BinaryToDecimal\BinaryToDecimal.csproj", "{B29DEC37-72B8-4D9E-B3FA-614EFEC075AF}"
EndProject
Project("{FAE04EC0-301F-11D3-BF4B-00C04F79EFBC}") = "DecimalToHexadecimal", "DecimalToHexadecimal\DecimalToHexadecimal.csproj", "{7D87245A-FDCF-4AD9-A013-7F32C46EDBE3}"
EndProject
Project("{FAE04EC0-301F-11D3-BF4B-00C04F79EFBC}") = "HexadecimalToDecimal", "HexadecimalToDecimal\HexadecimalToDecimal.csproj", "{2DDB5DAB-15BF-49BB-85EA-A74305AB0E06}"
EndProject
Project("{FAE04EC0-301F-11D3-BF4B-00C04F79EFBC}") = "HexadecimalToBinary", "HexadecimalToBinary\HexadecimalToBinary.csproj", "{71F03EAF-C671-47E7-AB30-76215B8A80B7}"
EndProject
Project("{FAE04EC0-301F-11D3-BF4B-00C04F79EFBC}") = "BinaryToHexadecimal", "BinaryToHexadecimal\BinaryToHexadecimal.csproj", "{5E08182C-4F61-45BC-9204-2C1CBDF41B65}"
EndProject
Project("{FAE04EC0-301F-11D3-BF4B-00C04F79EFBC}") = "OneSystemToAnyOther", "OneSystemToAnyOther\OneSystemToAnyOther.csproj", "{CC568BB4-1BD0-49A4-B90F-E3F26DF414AF}"
EndProject
Project("{FAE04EC0-301F-11D3-BF4B-00C04F79EFBC}") = "BinaryShort", "BinaryShort\BinaryShort.csproj", "{A205C7DE-2C34-44E8-B60F-BF7D25FC56DC}"
EndProject
Global
	GlobalSection(SolutionConfigurationPlatforms) = preSolution
		Debug|Any CPU = Debug|Any CPU
		Release|Any CPU = Release|Any CPU
	EndGlobalSection
	GlobalSection(ProjectConfigurationPlatforms) = postSolution
		{7AC4957E-AD37-435D-9FB4-7DC8E69B3988}.Debug|Any CPU.ActiveCfg = Debug|Any CPU
		{7AC4957E-AD37-435D-9FB4-7DC8E69B3988}.Debug|Any CPU.Build.0 = Debug|Any CPU
		{7AC4957E-AD37-435D-9FB4-7DC8E69B3988}.Release|Any CPU.ActiveCfg = Release|Any CPU
		{7AC4957E-AD37-435D-9FB4-7DC8E69B3988}.Release|Any CPU.Build.0 = Release|Any CPU
		{B29DEC37-72B8-4D9E-B3FA-614EFEC075AF}.Debug|Any CPU.ActiveCfg = Debug|Any CPU
		{B29DEC37-72B8-4D9E-B3FA-614EFEC075AF}.Debug|Any CPU.Build.0 = Debug|Any CPU
		{B29DEC37-72B8-4D9E-B3FA-614EFEC075AF}.Release|Any CPU.ActiveCfg = Release|Any CPU
		{B29DEC37-72B8-4D9E-B3FA-614EFEC075AF}.Release|Any CPU.Build.0 = Release|Any CPU
		{7D87245A-FDCF-4AD9-A013-7F32C46EDBE3}.Debug|Any CPU.ActiveCfg = Debug|Any CPU
		{7D87245A-FDCF-4AD9-A013-7F32C46EDBE3}.Debug|Any CPU.Build.0 = Debug|Any CPU
		{7D87245A-FDCF-4AD9-A013-7F32C46EDBE3}.Release|Any CPU.ActiveCfg = Release|Any CPU
		{7D87245A-FDCF-4AD9-A013-7F32C46EDBE3}.Release|Any CPU.Build.0 = Release|Any CPU
		{2DDB5DAB-15BF-49BB-85EA-A74305AB0E06}.Debug|Any CPU.ActiveCfg = Debug|Any CPU
		{2DDB5DAB-15BF-49BB-85EA-A74305AB0E06}.Debug|Any CPU.Build.0 = Debug|Any CPU
		{2DDB5DAB-15BF-49BB-85EA-A74305AB0E06}.Release|Any CPU.ActiveCfg = Release|Any CPU
		{2DDB5DAB-15BF-49BB-85EA-A74305AB0E06}.Release|Any CPU.Build.0 = Release|Any CPU
		{71F03EAF-C671-47E7-AB30-76215B8A80B7}.Debug|Any CPU.ActiveCfg = Debug|Any CPU
		{71F03EAF-C671-47E7-AB30-76215B8A80B7}.Debug|Any CPU.Build.0 = Debug|Any CPU
		{71F03EAF-C671-47E7-AB30-76215B8A80B7}.Release|Any CPU.ActiveCfg = Release|Any CPU
		{71F03EAF-C671-47E7-AB30-76215B8A80B7}.Release|Any CPU.Build.0 = Release|Any CPU
		{5E08182C-4F61-45BC-9204-2C1CBDF41B65}.Debug|Any CPU.ActiveCfg = Debug|Any CPU
		{5E08182C-4F61-45BC-9204-2C1CBDF41B65}.Debug|Any CPU.Build.0 = Debug|Any CPU
		{5E08182C-4F61-45BC-9204-2C1CBDF41B65}.Release|Any CPU.ActiveCfg = Release|Any CPU
		{5E08182C-4F61-45BC-9204-2C1CBDF41B65}.Release|Any CPU.Build.0 = Release|Any CPU
		{CC568BB4-1BD0-49A4-B90F-E3F26DF414AF}.Debug|Any CPU.ActiveCfg = Debug|Any CPU
		{CC568BB4-1BD0-49A4-B90F-E3F26DF414AF}.Debug|Any CPU.Build.0 = Debug|Any CPU
		{CC568BB4-1BD0-49A4-B90F-E3F26DF414AF}.Release|Any CPU.ActiveCfg = Release|Any CPU
		{CC568BB4-1BD0-49A4-B90F-E3F26DF414AF}.Release|Any CPU.Build.0 = Release|Any CPU
		{A205C7DE-2C34-44E8-B60F-BF7D25FC56DC}.Debug|Any CPU.ActiveCfg = Debug|Any CPU
		{A205C7DE-2C34-44E8-B60F-BF7D25FC56DC}.Debug|Any CPU.Build.0 = Debug|Any CPU
		{A205C7DE-2C34-44E8-B60F-BF7D25FC56DC}.Release|Any CPU.ActiveCfg = Release|Any CPU
		{A205C7DE-2C34-44E8-B60F-BF7D25FC56DC}.Release|Any CPU.Build.0 = Release|Any CPU
	EndGlobalSection
	GlobalSection(SolutionProperties) = preSolution
		HideSolutionNode = FALSE
	EndGlobalSection
EndGlobal
