
Microsoft Visual Studio Solution File, Format Version 12.00
# Visual Studio 14
VisualStudioVersion = 14.0.24720.0
MinimumVisualStudioVersion = 10.0.40219.1
Project("{FAE04EC0-301F-11D3-BF4B-00C04F79EFBC}") = "FillTheMatrix", "MultidimensionalArrays\FillTheMatrix.csproj", "{D1F394CF-9F6A-4328-8251-EA047464409F}"
EndProject
Project("{FAE04EC0-301F-11D3-BF4B-00C04F79EFBC}") = "MaximalSum", "MaximalSum\MaximalSum.csproj", "{99F70468-039A-4485-9A8B-FA072097E7C5}"
EndProject
Project("{FAE04EC0-301F-11D3-BF4B-00C04F79EFBC}") = "SequenceInMatrix", "SequenceInMatrix\SequenceInMatrix.csproj", "{DF8957E0-213C-4239-9127-FC65F425D802}"
EndProject
Project("{FAE04EC0-301F-11D3-BF4B-00C04F79EFBC}") = "LargestAreaInMatrix", "LargestAreaInMatrix\LargestAreaInMatrix.csproj", "{AEAAC64C-78C0-46E6-B687-961A3042537E}"
EndProject
Global
	GlobalSection(SolutionConfigurationPlatforms) = preSolution
		Debug|Any CPU = Debug|Any CPU
		Release|Any CPU = Release|Any CPU
	EndGlobalSection
	GlobalSection(ProjectConfigurationPlatforms) = postSolution
		{D1F394CF-9F6A-4328-8251-EA047464409F}.Debug|Any CPU.ActiveCfg = Debug|Any CPU
		{D1F394CF-9F6A-4328-8251-EA047464409F}.Debug|Any CPU.Build.0 = Debug|Any CPU
		{D1F394CF-9F6A-4328-8251-EA047464409F}.Release|Any CPU.ActiveCfg = Release|Any CPU
		{D1F394CF-9F6A-4328-8251-EA047464409F}.Release|Any CPU.Build.0 = Release|Any CPU
		{99F70468-039A-4485-9A8B-FA072097E7C5}.Debug|Any CPU.ActiveCfg = Debug|Any CPU
		{99F70468-039A-4485-9A8B-FA072097E7C5}.Debug|Any CPU.Build.0 = Debug|Any CPU
		{99F70468-039A-4485-9A8B-FA072097E7C5}.Release|Any CPU.ActiveCfg = Release|Any CPU
		{99F70468-039A-4485-9A8B-FA072097E7C5}.Release|Any CPU.Build.0 = Release|Any CPU
		{DF8957E0-213C-4239-9127-FC65F425D802}.Debug|Any CPU.ActiveCfg = Debug|Any CPU
		{DF8957E0-213C-4239-9127-FC65F425D802}.Debug|Any CPU.Build.0 = Debug|Any CPU
		{DF8957E0-213C-4239-9127-FC65F425D802}.Release|Any CPU.ActiveCfg = Release|Any CPU
		{DF8957E0-213C-4239-9127-FC65F425D802}.Release|Any CPU.Build.0 = Release|Any CPU
		{AEAAC64C-78C0-46E6-B687-961A3042537E}.Debug|Any CPU.ActiveCfg = Debug|Any CPU
		{AEAAC64C-78C0-46E6-B687-961A3042537E}.Debug|Any CPU.Build.0 = Debug|Any CPU
		{AEAAC64C-78C0-46E6-B687-961A3042537E}.Release|Any CPU.ActiveCfg = Release|Any CPU
		{AEAAC64C-78C0-46E6-B687-961A3042537E}.Release|Any CPU.Build.0 = Release|Any CPU
	EndGlobalSection
	GlobalSection(SolutionProperties) = preSolution
		HideSolutionNode = FALSE
	EndGlobalSection
EndGlobal
